# This file is autogenerated, do not edit; changes may be undone by the next 'dep ensure'.


[[projects]]
  branch = "master"
  name = "github.com/mailru/easyjson"
  packages = [
    ".",
    "buffer",
    "jlexer",
    "jwriter"
  ]
  revision = "8b799c424f57fa123fc63a99d6383bc6e4c02578"

[solve-meta]
  analyzer-name = "dep"
  analyzer-version = 1
  inputs-digest = "1939808335936ec1fc89bafa0bede8fffeaefcebb7d2af58c48661c9632e4159"
  solver-name = "gps-cdcl"
  solver-version = 1
